
Microsoft Visual Studio Solution File, Format Version 12.00
# Visual Studio Version 17
VisualStudioVersion = 17.14.36518.9 d17.14
MinimumVisualStudioVersion = 10.0.40219.1
Project("{FAE04EC0-301F-11D3-BF4B-00C04F79EFBC}") = "SK-UserGuide", "SK-UserGuide\SK-UserGuide.csproj", "{1016A7D5-CA76-42CE-B6C1-E15EA214A85F}"
EndProject
Global
	GlobalSection(SolutionConfigurationPlatforms) = preSolution
		Debug|Any CPU = Debug|Any CPU
		Release|Any CPU = Release|Any CPU
	EndGlobalSection
	GlobalSection(ProjectConfigurationPlatforms) = postSolution
		{1016A7D5-CA76-42CE-B6C1-E15EA214A85F}.Debug|Any CPU.ActiveCfg = Debug|Any CPU
		{1016A7D5-CA76-42CE-B6C1-E15EA214A85F}.Debug|Any CPU.Build.0 = Debug|Any CPU
		{1016A7D5-CA76-42CE-B6C1-E15EA214A85F}.Release|Any CPU.ActiveCfg = Release|Any CPU
		{1016A7D5-CA76-42CE-B6C1-E15EA214A85F}.Release|Any CPU.Build.0 = Release|Any CPU
	EndGlobalSection
	GlobalSection(SolutionProperties) = preSolution
		HideSolutionNode = FALSE
	EndGlobalSection
	GlobalSection(ExtensibilityGlobals) = postSolution
		SolutionGuid = {A4F1FCA2-D440-4A0D-A680-5E7C96989B83}
	EndGlobalSection
EndGlobal
